[[package]]
category = "dev"
description = "Atomic file writes."
name = "atomicwrites"
optional = false
python-versions = ">=2.7, !=3.0.*, !=3.1.*, !=3.2.*, !=3.3.*"
version = "1.3.0"

[[package]]
category = "main"
description = "Classes Without Boilerplate"
name = "attrs"
optional = false
python-versions = ">=2.7, !=3.0.*, !=3.1.*, !=3.2.*, !=3.3.*"
version = "19.1.0"

[[package]]
category = "main"
description = "('The Blis BLAS-like linear algebra library, as a self-contained C-extension.',)"
name = "blis"
optional = false
python-versions = "*"
version = "0.2.4"

[package.dependencies]
numpy = ">=1.15.0"

[[package]]
category = "main"
description = "Amazon Web Services Library"
name = "boto"
optional = false
python-versions = "*"
version = "2.49.0"

[[package]]
category = "main"
description = "The AWS SDK for Python"
name = "boto3"
optional = false
python-versions = "*"
version = "1.9.172"

[package.dependencies]
botocore = ">=1.12.172,<1.13.0"
jmespath = ">=0.7.1,<1.0.0"
s3transfer = ">=0.2.0,<0.3.0"

[[package]]
category = "main"
description = "Low-level, data-driven core of boto 3."
name = "botocore"
optional = false
python-versions = "*"
version = "1.12.172"

[package.dependencies]
docutils = ">=0.10"
jmespath = ">=0.7.1,<1.0.0"

[package.dependencies.python-dateutil]
python = ">=2.7"
version = ">=2.1,<3.0.0"

[package.dependencies.urllib3]
python = ">=3.4"
version = ">=1.20,<1.26"

[[package]]
category = "main"
description = "Python package for providing Mozilla's CA Bundle."
name = "certifi"
optional = false
python-versions = "*"
version = "2019.6.16"

[[package]]
category = "main"
description = "Universal encoding detector for Python 2 and 3"
name = "chardet"
optional = false
python-versions = "*"
version = "3.0.4"

[[package]]
category = "dev"
description = "Cross-platform colored terminal text."
marker = "sys_platform == \"win32\""
name = "colorama"
optional = false
python-versions = ">=2.7, !=3.0.*, !=3.1.*, !=3.2.*, !=3.3.*"
version = "0.4.1"

[[package]]
category = "main"
description = "Manage calls to calloc/free through Cython"
name = "cymem"
optional = false
python-versions = "*"
version = "2.0.2"

[[package]]
category = "main"
description = "Docutils -- Python Documentation Utilities"
name = "docutils"
optional = false
python-versions = "*"
version = "0.14"

[[package]]
category = "main"
description = "Python framework for fast Vector Space Modelling"
name = "gensim"
optional = false
python-versions = "*"
version = "3.7.3"

[package.dependencies]
numpy = ">=1.11.3"
scipy = ">=0.18.1"
six = ">=1.5.0"
smart-open = ">=1.7.0"

[[package]]
category = "main"
description = "Internationalized Domain Names in Applications (IDNA)"
name = "idna"
optional = false
python-versions = ">=2.7, !=3.0.*, !=3.1.*, !=3.2.*, !=3.3.*"
version = "2.8"

[[package]]
category = "dev"
description = "Read metadata from Python packages"
name = "importlib-metadata"
optional = false
python-versions = ">=2.7,!=3.0,!=3.1,!=3.2,!=3.3"
version = "0.18"

[package.dependencies]
zipp = ">=0.5"

[[package]]
category = "main"
description = "JSON Matching Expressions"
name = "jmespath"
optional = false
python-versions = "*"
version = "0.9.4"

[[package]]
category = "main"
description = "Lightweight pipelining: using Python functions as pipeline jobs."
name = "joblib"
optional = false
python-versions = "*"
version = "0.13.2"

[[package]]
category = "main"
description = "An implementation of JSON Schema validation for Python"
name = "jsonschema"
optional = false
python-versions = "*"
version = "3.0.1"

[package.dependencies]
attrs = ">=17.4.0"
pyrsistent = ">=0.14.0"
setuptools = "*"
six = ">=1.11.0"

[[package]]
category = "main"
description = "Language detection library ported from Google's language-detection."
name = "langdetect"
optional = false
python-versions = "*"
version = "1.0.7"

[package.dependencies]
six = "*"

[[package]]
category = "main"
description = "Powerful and Pythonic XML processing library combining libxml2/libxslt with the ElementTree API."
name = "lxml"
optional = false
python-versions = "*"
version = "4.3.4"

[[package]]
category = "dev"
description = "More routines for operating on iterables, beyond itertools"
name = "more-itertools"
optional = false
python-versions = ">=3.4"
version = "7.0.0"

[[package]]
category = "main"
description = "Cython bindings for MurmurHash"
name = "murmurhash"
optional = false
python-versions = "*"
version = "1.0.2"

[[package]]
category = "main"
description = "Natural Language Toolkit"
name = "nltk"
optional = false
python-versions = "*"
version = "3.4.3"

[package.dependencies]
six = "*"

[[package]]
category = "main"
description = "NumPy is the fundamental package for array computing with Python."
name = "numpy"
optional = false
python-versions = ">=2.7,!=3.0.*,!=3.1.*,!=3.2.*,!=3.3.*"
version = "1.16.4"

[[package]]
category = "main"
description = "Powerful data structures for data analysis, time series, and statistics"
name = "pandas"
optional = false
python-versions = ">=2.7,!=3.0.*,!=3.1.*,!=3.2.*,!=3.3.*,!=3.4.*"
version = "0.24.2"

[package.dependencies]
numpy = ">=1.12.0"
python-dateutil = ">=2.5.0"
pytz = ">=2011k"

[[package]]
category = "main"
description = "The smartest command line arguments parser in the world"
name = "plac"
optional = false
python-versions = "*"
version = "0.9.6"

[[package]]
category = "dev"
description = "plugin and hook calling mechanisms for python"
name = "pluggy"
optional = false
python-versions = ">=2.7, !=3.0.*, !=3.1.*, !=3.2.*, !=3.3.*"
version = "0.12.0"

[package.dependencies]
importlib-metadata = ">=0.12"

[[package]]
category = "main"
description = "Cython hash table that trusts the keys are pre-hashed"
name = "preshed"
optional = false
python-versions = "*"
version = "2.0.1"

[package.dependencies]
cymem = ">=2.0.2,<2.1.0"

[[package]]
category = "dev"
description = "library with cross-python path, ini-parsing, io, code, log facilities"
name = "py"
optional = false
python-versions = ">=2.7, !=3.0.*, !=3.1.*, !=3.2.*, !=3.3.*"
version = "1.8.0"

[[package]]
category = "main"
description = "Persistent/Functional/Immutable data structures"
name = "pyrsistent"
optional = false
python-versions = "*"
version = "0.15.2"

[package.dependencies]
six = "*"

[[package]]
category = "dev"
description = "pytest: simple powerful testing with Python"
name = "pytest"
optional = false
python-versions = ">=2.7, !=3.0.*, !=3.1.*, !=3.2.*, !=3.3.*"
version = "3.10.1"

[package.dependencies]
atomicwrites = ">=1.0"
attrs = ">=17.4.0"
colorama = "*"
more-itertools = ">=4.0.0"
pluggy = ">=0.7"
py = ">=1.5.0"
setuptools = "*"
six = ">=1.10.0"

[[package]]
category = "main"
description = "Extensions to the standard Python datetime module"
name = "python-dateutil"
optional = false
python-versions = ">=2.7, !=3.0.*, !=3.1.*, !=3.2.*"
version = "2.8.0"

[package.dependencies]
six = ">=1.5"

[[package]]
category = "main"
description = "World timezone definitions, modern and historical"
name = "pytz"
optional = false
python-versions = "*"
version = "2019.1"

[[package]]
category = "main"
description = "Python HTTP for Humans."
name = "requests"
optional = false
python-versions = ">=2.7, !=3.0.*, !=3.1.*, !=3.2.*, !=3.3.*, !=3.4.*"
version = "2.22.0"

[package.dependencies]
certifi = ">=2017.4.17"
chardet = ">=3.0.2,<3.1.0"
idna = ">=2.5,<2.9"
urllib3 = ">=1.21.1,<1.25.0 || >1.25.0,<1.25.1 || >1.25.1,<1.26"

[[package]]
category = "main"
description = "An Amazon S3 Transfer Manager"
name = "s3transfer"
optional = false
python-versions = "*"
version = "0.2.1"

[package.dependencies]
botocore = ">=1.12.36,<2.0.0"

[[package]]
category = "main"
description = "A set of python modules for machine learning and data mining"
name = "scikit-learn"
optional = false
python-versions = ">=3.5"
version = "0.21.2"

[package.dependencies]
joblib = ">=0.11"
numpy = ">=1.11.0"
scipy = ">=0.17.0"

[[package]]
category = "main"
description = "SciPy: Scientific Library for Python"
name = "scipy"
optional = false
python-versions = ">=3.5"
version = "1.3.0"

[package.dependencies]
numpy = ">=1.13.3"

[[package]]
category = "main"
description = "Python 2 and 3 compatibility utilities"
name = "six"
optional = false
python-versions = ">=2.6, !=3.0.*, !=3.1.*"
version = "1.12.0"

[[package]]
category = "main"
description = "Utils for streaming large files (S3, HDFS, gzip, bz2...)"
name = "smart-open"
optional = false
python-versions = "*"
version = "1.8.4"

[package.dependencies]
boto = ">=2.32"
boto3 = "*"
requests = "*"

[[package]]
category = "main"
description = "Industrial-strength Natural Language Processing (NLP) with Python and Cython"
name = "spacy"
optional = false
python-versions = ">=2.7,!=3.0.*,!=3.1.*,!=3.2.*,!=3.3.*"
version = "2.1.4"

[package.dependencies]
blis = ">=0.2.2,<0.3.0"
cymem = ">=2.0.2,<2.1.0"
jsonschema = ">=2.6.0,<3.1.0"
murmurhash = ">=0.28.0,<1.1.0"
numpy = ">=1.15.0"
plac = ">=0.9.6,<1.0.0"
preshed = ">=2.0.1,<2.1.0"
requests = ">=2.13.0,<3.0.0"
srsly = ">=0.0.5,<1.1.0"
thinc = ">=7.0.2,<7.1.0"
wasabi = ">=0.2.0,<1.1.0"

[[package]]
category = "main"
description = "Modern high-performance serialization utilities for Python"
name = "srsly"
optional = false
python-versions = "*"
version = "0.0.7"

[[package]]
category = "main"
description = "Practical Machine Learning for NLP"
name = "thinc"
optional = false
python-versions = "*"
version = "7.0.4"

[package.dependencies]
blis = ">=0.2.1,<0.3.0"
cymem = ">=2.0.2,<2.1.0"
murmurhash = ">=0.28.0,<1.1.0"
numpy = ">=1.7.0"
plac = ">=0.9.6,<1.0.0"
preshed = ">=1.0.1,<2.1.0"
srsly = ">=0.0.5,<1.1.0"
tqdm = ">=4.10.0,<5.0.0"
wasabi = ">=0.0.9,<1.1.0"

[[package]]
category = "main"
description = "Fast, Extensible Progress Meter"
name = "tqdm"
optional = false
python-versions = ">=2.6, !=3.0.*, !=3.1.*"
version = "4.32.2"

[[package]]
category = "main"
description = "HTTP library with thread-safe connection pooling, file post, and more."
name = "urllib3"
optional = false
python-versions = ">=2.7, !=3.0.*, !=3.1.*, !=3.2.*, !=3.3.*, <4"
version = "1.25.3"

[[package]]
category = "main"
description = "A lightweight console printing and formatting toolkit"
name = "wasabi"
optional = false
python-versions = "*"
version = "0.2.2"

[[package]]
category = "main"
description = "Makes working with XML feel like you are working with JSON"
name = "xmltodict"
optional = false
python-versions = ">=2.7, !=3.0.*, !=3.1.*, !=3.2.*, !=3.3.*"
version = "0.12.0"

[[package]]
category = "dev"
description = "Backport of pathlib-compatible object wrapper for zip files"
name = "zipp"
optional = false
python-versions = ">=2.7"
version = "0.5.1"

[metadata]
content-hash = "355ea03933d92c96ca7a1be8701a64035f1f36a19a32eabc01e19620c95e8551"
python-versions = "^3.7"

[metadata.hashes]
atomicwrites = ["03472c30eb2c5d1ba9227e4c2ca66ab8287fbfbbda3888aa93dc2e28fc6811b4", "75a9445bac02d8d058d5e1fe689654ba5a6556a1dfd8ce6ec55a0ed79866cfa6"]
attrs = ["69c0dbf2ed392de1cb5ec704444b08a5ef81680a61cb899dc08127123af36a79", "f0b870f674851ecbfbbbd364d6b5cbdff9dcedbc7f3f5e18a6891057f21fe399"]
blis = ["039129410a338be8db8cf48c54334bd7c30da7e72bad2741e59313b1d242814b", "058f9109aaea9d4f88cb623a44994d96c8cf36448de3e1bd30210628d6b52e9e", "278d7b95e56cf82a6bef91cd8283eadc9401f2d3bdbbf2cdfdb605cf9081c36e", "2d4ca1508fd6229c7994fc17ba324083a5b83f66612c8ea62623a41a1768b030", "51a54bad6175e9b154beeb628a879ed492ee2247c9e40c77bdf6fc772145130c", "886b313f96d4e268a0587e98c1637d963c73defa8de51e2e6b0d0bd00f16afbb", "9f12e6f1e4b10dbb1e0e34e98f60e8435058a60d544a009cb761351fe1d12cad", "a54d4fa1908d586f8bce9851a453cb89d1542e9aca65b8b88e9bb9432d626f80", "b9d6cef13d95e3752320cd942df25e09160a6f9dfc3d7b41af7cdc772ab18270", "d571464d195a950e60bf1547c8914d4da50952e06a0f38cea7b0829d0a4b985a", "d616d64c85e6be92d69a1410dc58146cb9603fd1eb148f9ee512b8fddfd789f6", "e477c7eaacf7dcccbb190a29559579efb287ecf5c2a9a7a6f9acb0452899f033", "e6ae1986625af86f90f111f9d2d284b9e45fddfe56cf40524cdd9417a6a33b87"]
boto = ["147758d41ae7240dc989f0039f27da8ca0d53734be0eb869ef16e3adcfa462e8", "ea0d3b40a2d852767be77ca343b58a9e3a4b00d9db440efb8da74b4e58025e5a"]
boto3 = ["64acb422442042a6f908d03909d2e73a3f3ca2eed4252c8b6e3a460b43d316d1", "e482f835cd547589bf9f11c5c1cbad5f3303105e1e909af620d3617c6dee08eb"]
botocore = ["13e75f594c77988efd13f0862f3c7397d587e74b623fe0825d48b0ec0dc96d6b", "1fa1ad4be9e9fea77eed7d5021be4283e9bcfecc60d2de83f96552025c4725d1"]
certifi = ["046832c04d4e752f37383b628bc601a7ea7211496b4638f6514d0e5b9acc4939", "945e3ba63a0b9f577b1395204e13c3a231f9bc0223888be653286534e5873695"]
chardet = ["84ab92ed1c4d4f16916e05906b6b75a6c0fb5db821cc65e70cbd64a3e2a5eaae", "fc323ffcaeaed0e0a02bf4d117757b98aed530d9ed4531e3e15460124c106691"]
colorama = ["05eed71e2e327246ad6b38c540c4a3117230b19679b875190486ddd2d721422d", "f8ac84de7840f5b9c4e3347b3c1eaa50f7e49c2b07596221daec5edaabbd7c48"]
cymem = ["081c652ae1aff4759813e93a2fc4df4ba410ce214a0e542988e24c62110d4cd0", "0e447fa4cb6dccd0b96257a798370a17bef3ec254a527230058e41816a777c04", "2c8267dcb15cc6ab318f01ceaf16b8440c0386ae44014d5b22fefe5b0398d05c", "46141111eedbb5b0d8c9386b00226a15f5727a1202b9095f4363d425f259267e", "4994c1f3e948bd58a6e38c905221680563b851983a15f1f01e5ff415d560d153", "584872fd3df176e50c90e37aaca6cb731ac0abcdea4f5b8ad77c30674cfaaa99", "6e3194135b21bb268030f3473beb8b674b356c330a9fa185dced2f5006cbd5ba", "71710ee0e946a6bd33c86dd9e71f95ad584c65e8bb02615f00ceb0d8348fb303", "741957f541fb8322de5a8c711d5d58f80d684225d2aec32fec92484cac931a52", "7f01ba6153427811cd7d35630081c69b32c188a1d330599a826ef3bf17edbd7c", "8d96e95902e781950d7c255b19364a1ed50a204843d63dd386b0abc5e6df5e44", "8dd169ece1629ec4db1a592321e3ae0a9bb62fda2052a351fc36871f314c3569", "8e6ad29636edd559b0dfe0a19c5cb5e6257461a5df90839e8c7710ddb005f4b4", "9935b233882732f03fd0fadbeb9e9aa672edcdd126e6d52c36d60adf1def8ea5", "a38b3229782411e4b23240f5f90000c4e7a834af88ed8763c66f8e4603db6b51", "a5966b3171bad9c84a2b19dccda5ab37ae8437c0709a6b72cb42b64ea76a4bd3", "ab88b1534f06df07262d9bc5efb3ba07948cdbe9a363eb9eaa4ad42fae6c7b5e", "b08b0dd7adafbff9f0fd7dc8dcad5f3ce6f23c126c81ad8d1666880cc94e6974", "ba47b571d480c0b76d282ff1634372070031d4998a46ae5d8305d49563b74ca6", "bf049dc9cf0d3aa4a48ba514b7f1699fb6f35b18ad8c6f018bd13e0bccd9d30c", "c46a122c524a3270ac5249f590ac2f75f1a83692a3d3a03479cea49de72a0a89", "c63337aa7e1ad4ec182cc7847c6d85390589fbbf1f9f67d1fde8133a9acb7fa8", "ec51273ea08a2c6389bc4dd6b5183354826d916b149a041f2f274431166191bc"]
docutils = ["02aec4bd92ab067f6ff27a38a38a41173bf01bed8f89157768c1573f53e474a6", "51e64ef2ebfb29cae1faa133b3710143496eca21c530f3f71424d77687764274", "7a4bd47eaf6596e1295ecb11361139febe29b084a87bf005bf899f9a42edc3c6"]
gensim = ["16990f0c6ea20c9ccad91f051af42921b902935e9fdb9e077103562721b45162", "16d21e0034a7d100832e4a3ad52a72ab5b46b2e78042da1f121b83af71574ac8", "1cd2b67366167a03ecc289b3065140edb9bd9820ee3323bd8786d76edf3c09ca", "2191d664471d948f7d6262138777a18d4b5ebaa6c67af970a0af4d94b26548a1", "2fd05a4ef53d3b82056da61a9b4aaff1ccacecc7ab323dc99981e6537396efad", "319777c2b0e5b37a2f1780e484257133f15f26d9cc1ab5740d2df00f87fa9a7d", "3fdd8b57221e4cbf951d34657a63731dd601a21df593f653f0e449b1abb9d657", "48ffbc762ea9813f11ef02b26961f5ae48a8ce3e72a22fa9a03cecbe44b8fef6", "593ec35a2dc96d19ba4e4e729dbb57838ce12a351f17491b71b9186509a868ef", "621fe72ee1bb0e16008c34f9f5ca6168bbfc82fc85907f7254974776e482e156", "89a95d662efd41829a7c43fad3657c1b4133df5c3a58e088f8cf07b78c011519", "af5e401ce0a978707911f2c5392e256bad2dd271cb4ed001a54ded4a6bc0542a", "b069f367744b3a315c5170ff5122664380eef188a911c94d1fe264a7984c9af8", "c7ea53afeaaf1f7e0040229e9fac6357bd8e045750843b054ab6abdfbcc53efb", "e72962139f26194fcb8c44adaebca86f167db57f5214b80eb3126a737a3a914f"]
idna = ["c357b3f628cf53ae2c4c05627ecc484553142ca23264e593d327bcde5e9c3407", "ea8b7f6188e6fa117537c3df7da9fc686d485087abf6ac197f9c46432f7e4a3c"]
importlib-metadata = ["6dfd58dfe281e8d240937776065dd3624ad5469c835248219bd16cf2e12dbeb7", "cb6ee23b46173539939964df59d3d72c3e0c1b5d54b84f1d8a7e912fe43612db"]
jmespath = ["3720a4b1bd659dd2eecad0666459b9788813e032b83e7ba58578e48254e0a0e6", "bde2aef6f44302dfb30320115b17d030798de8c4110e28d5cf6cf91a7a31074c"]
joblib = ["21e0c34a69ad7fde4f2b1f3402290e9ec46f545f15f1541c582edfe05d87b63a", "315d6b19643ec4afd4c41c671f9f2d65ea9d787da093487a81ead7b0bac94524"]
jsonschema = ["0c0a81564f181de3212efa2d17de1910f8732fa1b71c42266d983cd74304e20d", "a5f6559964a3851f59040d3b961de5e68e70971afb88ba519d27e6a039efff1a"]
langdetect = ["91a170d5f0ade380db809b3ba67f08e95fe6c6c8641f96d67a51ff7e98a9bf30"]
lxml = ["06c7616601430aa140a69f97e3116308fffe0848f543b639a5ec2e8920ae72fd", "177202792f9842374a8077735c69c41a4282183f7851443d2beb8ee310720819", "19317ad721ceb9e39847d11131903931e2794e447d4751ebb0d9236f1b349ff2", "36d206e62f3e5dbaafd4ec692b67157e271f5da7fd925fda8515da675eace50d", "387115b066c797c85f9861a9613abf50046a15aac16759bc92d04f94acfad082", "3ce1c49d4b4a7bc75fb12acb3a6247bb7a91fe420542e6d671ba9187d12a12c2", "4d2a5a7d6b0dbb8c37dab66a8ce09a8761409c044017721c21718659fa3365a1", "58d0a1b33364d1253a88d18df6c0b2676a1746d27c969dc9e32d143a3701dda5", "62a651c618b846b88fdcae0533ec23f185bb322d6c1845733f3123e8980c1d1b", "69ff21064e7debc9b1b1e2eee8c2d686d042d4257186d70b338206a80c5bc5ea", "7060453eba9ba59d821625c6af6a266bd68277dce6577f754d1eb9116c094266", "7d26b36a9c4bce53b9cfe42e67849ae3c5c23558bc08363e53ffd6d94f4ff4d2", "83b427ad2bfa0b9705e02a83d8d607d2c2f01889eb138168e462a3a052c42368", "923d03c84534078386cf50193057aae98fa94cace8ea7580b74754493fda73ad", "b773715609649a1a180025213f67ffdeb5a4878c784293ada300ee95a1f3257b", "baff149c174e9108d4a2fee192c496711be85534eab63adb122f93e70aa35431", "bca9d118b1014b4c2d19319b10a3ebed508ff649396ce1855e1c96528d9b2fa9", "ce580c28845581535dc6000fc7c35fdadf8bea7ccb57d6321b044508e9ba0685", "d34923a569e70224d88e6682490e24c842907ba2c948c5fd26185413cbe0cd96", "dd9f0e531a049d8b35ec5e6c68a37f1ba6ec3a591415e6804cbdf652793d15d7", "ecb805cbfe9102f3fd3d2ef16dfe5ae9e2d7a7dfbba92f4ff1e16ac9784dbfb0", "ede9aad2197a0202caff35d417b671f5f91a3631477441076082a17c94edd846", "ef2d1fc370400e0aa755aab0b20cf4f1d0e934e7fd5244f3dd4869078e4942b9", "f2fec194a49bfaef42a548ee657362af5c7a640da757f6f452a35da7dd9f923c"]
more-itertools = ["2112d2ca570bb7c3e53ea1a35cd5df42bb0fd10c45f0fb97178679c3c03d64c7", "c3e4748ba1aad8dba30a4886b0b1a2004f9a863837b8654e7059eebf727afa5a"]
murmurhash = ["27b908fe4bdb426f4e4e4a8821acbe0302915b2945e035ec9d8ca513e2a74b1f", "33405103fa8cde15d72ee525a03d5cfe2c7e4901133819754810986e29627d68", "386a9eed3cb27cb2cd4394b6521275ba04552642c2d9cab5c9fb42aa5a3325c0", "3af36a0dc9f13f6892d9b8b39a6a3ccf216cae5bce38adc7c2d145677987772f", "717196a04cdc80cc3103a3da17b2415a8a5e1d0d578b7079259386bf153b3258", "8a4ed95cd3456b43ea301679c7c39ade43fc18b844b37d0ba0ac0d6acbff8e0c", "a6c071b4b498bcea16a8dc8590cad81fa8d43821f34c74bc00f96499e2527073", "b0afe329701b59d02e56bc6cee7325af83e3fee9c299c615fc1df3202b4f886f", "ba766343bdbcb928039b8fff609e80ae7a5fd5ed7a4fc5af822224b63e0cbaff", "bf33490514d308bcc27ed240cb3eb114f1ec31af031535cd8f27659a7049bd52", "c7a646f6b07b033642b4f52ae2e45efd8b80780b3b90e8092a0cec935fbf81e2", "d696c394ebd164ca80b5871e2e9ad2f9fdbb81bd3c552c1d5f1e8ee694e6204a", "fe344face8d30a5a6aa26e5acf288aa2a8f0f32e05efdda3d314b4bf289ec2af"]
nltk = ["12d7129aea0972840419499411d3aa815c6ad66336a51131e120d35a25d953b2", "dbca2b249601c97aede846fbc2cd4f0b22e086257fe0327b6d6e3bb5ee354bd2"]
numpy = ["0778076e764e146d3078b17c24c4d89e0ecd4ac5401beff8e1c87879043a0633", "141c7102f20abe6cf0d54c4ced8d565b86df4d3077ba2343b61a6db996cefec7", "14270a1ee8917d11e7753fb54fc7ffd1934f4d529235beec0b275e2ccf00333b", "27e11c7a8ec9d5838bc59f809bfa86efc8a4fd02e58960fa9c49d998e14332d5", "2a04dda79606f3d2f760384c38ccd3d5b9bb79d4c8126b67aff5eb09a253763e", "3c26010c1b51e1224a3ca6b8df807de6e95128b0908c7e34f190e7775455b0ca", "52c40f1a4262c896420c6ea1c6fda62cf67070e3947e3307f5562bd783a90336", "6e4f8d9e8aa79321657079b9ac03f3cf3fd067bf31c1cca4f56d49543f4356a5", "7242be12a58fec245ee9734e625964b97cf7e3f2f7d016603f9e56660ce479c7", "7dc253b542bfd4b4eb88d9dbae4ca079e7bf2e2afd819ee18891a43db66c60c7", "94f5bd885f67bbb25c82d80184abbf7ce4f6c3c3a41fbaa4182f034bba803e69", "a89e188daa119ffa0d03ce5123dee3f8ffd5115c896c2a9d4f0dbb3d8b95bfa3", "ad3399da9b0ca36e2f24de72f67ab2854a62e623274607e37e0ce5f5d5fa9166", "b0348be89275fd1d4c44ffa39530c41a21062f52299b1e3ee7d1c61f060044b8", "b5554368e4ede1856121b0dfa35ce71768102e4aa55e526cb8de7f374ff78722", "cbddc56b2502d3f87fda4f98d948eb5b11f36ff3902e17cb6cc44727f2200525", "d79f18f41751725c56eceab2a886f021d70fd70a6188fd386e29a045945ffc10", "dc2ca26a19ab32dc475dbad9dfe723d3a64c835f4c23f625c2b6566ca32b9f29", "dd9bcd4f294eb0633bb33d1a74febdd2b9018b8b8ed325f861fffcd2c7660bb8", "e8baab1bc7c9152715844f1faca6744f2416929de10d7639ed49555a85549f52", "ec31fe12668af687b99acf1567399632a7c47b0e17cfb9ae47c098644ef36797", "f12b4f7e2d8f9da3141564e6737d79016fe5336cc92de6814eba579744f65b0a", "f58ac38d5ca045a377b3b377c84df8175ab992c970a53332fa8ac2373df44ff7"]
pandas = ["071e42b89b57baa17031af8c6b6bbd2e9a5c68c595bc6bf9adabd7a9ed125d3b", "17450e25ae69e2e6b303817bdf26b2cd57f69595d8550a77c308be0cd0fd58fa", "17916d818592c9ec891cbef2e90f98cc85e0f1e89ed0924c9b5220dc3209c846", "2538f099ab0e9f9c9d09bbcd94b47fd889bad06dc7ae96b1ed583f1dc1a7a822", "366f30710172cb45a6b4f43b66c220653b1ea50303fbbd94e50571637ffb9167", "42e5ad741a0d09232efbc7fc648226ed93306551772fc8aecc6dce9f0e676794", "4e718e7f395ba5bfe8b6f6aaf2ff1c65a09bb77a36af6394621434e7cc813204", "4f919f409c433577a501e023943e582c57355d50a724c589e78bc1d551a535a2", "4fe0d7e6438212e839fc5010c78b822664f1a824c0d263fd858f44131d9166e2", "5149a6db3e74f23dc3f5a216c2c9ae2e12920aa2d4a5b77e44e5b804a5f93248", "627594338d6dd995cfc0bacd8e654cd9e1252d2a7c959449228df6740d737eb8", "83c702615052f2a0a7fb1dd289726e29ec87a27272d775cb77affe749cca28f8", "8c872f7fdf3018b7891e1e3e86c55b190e6c5cee70cab771e8f246c855001296", "90f116086063934afd51e61a802a943826d2aac572b2f7d55caaac51c13db5b5", "a3352bacac12e1fc646213b998bce586f965c9d431773d9e91db27c7c48a1f7d", "bcdd06007cca02d51350f96debe51331dec429ac8f93930a43eb8fb5639e3eb5", "c1bd07ebc15285535f61ddd8c0c75d0d6293e80e1ee6d9a8d73f3f36954342d0", "c9a4b7c55115eb278c19aa14b34fcf5920c8fe7797a09b7b053ddd6195ea89b3", "cc8fc0c7a8d5951dc738f1c1447f71c43734244453616f32b8aa0ef6013a5dfb", "d7b460bc316064540ce0c41c1438c416a40746fd8a4fb2999668bf18f3c4acf1"]
plac = ["854693ad90367e8267112ffbb8955f57d6fdeac3191791dc9ffce80f87fd2370", "ba3f719a018175f0a15a6b04e6cc79c25fd563d348aacd320c3644d2a9baf89b"]
pluggy = ["0825a152ac059776623854c1543d65a4ad408eb3d33ee114dff91e57ec6ae6fc", "b9817417e95936bf75d85d3f8767f7df6cdde751fc40aed3bb3074cbcb77757c"]
preshed = ["0c9af79c7b825793f987d477627efb81afd23384ac791bebbc88a257342a77ab", "0ebc79431154bc5d12f97b3c93bc350af941702a44f0761dfcd395e970d693f8", "102e71dc841c979b2ece44ab05b2b0aa39c8039493ddac40dd22cf23e2484063", "15145b24eded01426544be829a6395d6c99e2d62f5f3b88a6e19087ebeef7237", "195674dfb4bcf18b26e448feaabdf61adcf028ae69ecaa075c0bdfaf62a19671", "38f7fbef59f89d3b2c8c3b102f9a7360cd73a33c829fdeb101c615b18ecc4686", "3aa411233dc230247ea4c4558062e5b2d59d41c697107a45fddbfe03e63f3e77", "3b8c7b607e6dce0843544cfe4f05355db0516fce8eca0c37d6b5f4f3680493bf", "4bda4153d46a603bc6ea65380dfa091d46700f664cb906c7f26a469be6c2a503", "541d7ed765d67512d6f9fa24fd01cc1d7a51c7ff2646362924f4db46813b485a", "593d23b9f851ae7a4d519ca4489dd2b352d833e08f5d35795d42a591b8badb54", "7f6fb8f4108abe958af892847ed50abe6f45aaf45a87853cc8154a7203e75d84", "7ff7f18af1f19ea666ac4fbf48842e6acd900fbfdc26bb9aad02f353ff932386", "9c0d503d8693bf1e08e0fa1cecbcd3253146abaa9a7501d7d583a72edd29fdd1", "9cefe818a97134c0ddf22ef76fced1c841ebd137c2895251c5d1310276c234b5", "9e603916a95dc524081d54c0a135611e6f68d787185d5df2b5ab3f076c3d1bd4", "a2acacceac79aa6d4b65125e20c7de78fbca1340a251854c87967acef1795490", "a3d592e7b265b4faf08c9b4d7493b9e8604e0ba8858cc9bd8c9aee41d3df2a3a", "b2030e68c6f539e6dd7bfcea032940042739ef05d50a2eb1d7af24e038971b0f", "bc894dc14d8567a5d6a1cded0a701da7fbb360b2124237fe8acde85333825aef", "c21d4d10cc0248ba3facbbbfbe63211ce921478a3d5db6de34de39ee1b3484e1", "dae01c74313965c487e0ec839e5f28d0c7df9bfd1d978aa5bada3f72ff20a9e5", "ee8068035684a4b382bebb3a3f270799360545baff9742b85e627a0a889e6850"]
py = ["64f65755aee5b381cea27766a3a147c3f15b9b6b9ac88676de66ba2ae36793fa", "dc639b046a6e2cff5bbe40194ad65936d6ba360b52b3c3fe1d08a82dd50b5e53"]
pyrsistent = ["16692ee739d42cf5e39cef8d27649a8c1fdb7aa99887098f1460057c5eb75c3a"]
pytest = ["3f193df1cfe1d1609d4c583838bea3d532b18d6160fd3f55c9447fdca30848ec", "e246cf173c01169b9617fc07264b7b1316e78d7a650055235d6d897bc80d9660"]
python-dateutil = ["7e6584c74aeed623791615e26efd690f29817a27c73085b78e4bad02493df2fb", "c89805f6f4d64db21ed966fda138f8a5ed7a4fdbc1a8ee329ce1b74e3c74da9e"]
pytz = ["303879e36b721603cc54604edcac9d20401bdbe31e1e4fdee5b9f98d5d31dfda", "d747dd3d23d77ef44c6a3526e274af6efeb0a6f1afd5a69ba4d5be4098c8e141"]
requests = ["11e007a8a2aa0323f5a921e9e6a2d7e4e67d9877e85773fba9ba6419025cbeb4", "9cf5292fcd0f598c671cfc1e0d7d1a7f13bb8085e9a590f48c010551dc6c4b31"]
s3transfer = ["6efc926738a3cd576c2a79725fed9afde92378aa5c6a957e3af010cb019fac9d", "b780f2411b824cb541dbcd2c713d0cb61c7d1bcadae204cdddda2b35cef493ba"]
scikit-learn = ["051c53f9e900b0e9eccff2391f5317d1673d72e842bcbcd3e5d0b132459086ed", "0aafc312a55ebf58073151b9308761a5fcfa45b7f7730cea4b1f066f824c72db", "185d88ee4955cd68d7ff57356d1dd99cfc2de4b6aa5e5d679cafbc9df54716ff", "195465c39daded4f3ef8759291ffde81365486d4293e63dd9e32de0f569ecbbf", "4a6398500d035a4402476a2e3ae9f65a7a3f1b366ec6a7f6dd45c289f72dc954", "56f14e98632fb9237e7d005c6d8e346d01fa67f7b92f5f5d57a0bd06c741f9f6", "77092513dd780e12affde46a6394b52947db3fc00cf1d8c1c8eede52b37591d1", "7d2cdfe16b1ae6f9a1760b69be27c2004a84fc362984f930df135c847c47b765", "82c3450fc375f27e3529fa05fec627c9fc75915e05fcd55de43f193b3aa907af", "a5fba00d9037b62b0e0906f64efe9e4a754e556bc091cc12f84bc81655b4a414", "acba6bf5928e415b6296799a7aa069b66254c9440bce88ed2e5915865a317093", "b474f00d2533f18761fb17fb0950b27e72baf0796176247b5a7cf0ee369790ee", "ca45e0def97f73a828cee417174fafa0ab35a41f8bdca4424120a29c5589c548", "f09e544a6756afbd9d31e1d8ddfde5a2c9c17f6d4274104c988fceb611e2d5c5", "f979bb85cbfd9ed4d54709d86ab8893b316726abd1c9ab04abe7e6414b71b753", "fb4c7a2294447515fffec33c1f5eedbe942e9be56edb8c6619607e7882531d40"]
scipy = ["03b1e0775edbe6a4c64effb05fff2ce1429b76d29d754aa5ee2d848b60033351", "09d008237baabf52a5d4f5a6fcf9b3c03408f3f61a69c404472a16861a73917e", "10325f0ffac2400b1ec09537b7e403419dcd25d9fee602a44e8a32119af9079e", "1db9f964ed9c52dc5bd6127f0dd90ac89791daa690a5665cc01eae185912e1ba", "409846be9d6bdcbd78b9e5afe2f64b2da5a923dd7c1cd0615ce589489533fdbb", "4907040f62b91c2e170359c3d36c000af783f0fa1516a83d6c1517cde0af5340", "6c0543f2fdd38dee631fb023c0f31c284a532d205590b393d72009c14847f5b1", "826b9f5fbb7f908a13aa1efd4b7321e36992f5868d5d8311c7b40cf9b11ca0e7", "a7695a378c2ce402405ea37b12c7a338a8755e081869bd6b95858893ceb617ae", "a84c31e8409b420c3ca57fd30c7589378d6fdc8d155d866a7f8e6e80dec6fd06", "adadeeae5500de0da2b9e8dd478520d0a9945b577b2198f2462555e68f58e7ef", "b283a76a83fe463c9587a2c88003f800e08c3929dfbeba833b78260f9c209785", "c19a7389ab3cd712058a8c3c9ffd8d27a57f3d84b9c91a931f542682bb3d269d", "c3bb4bd2aca82fb498247deeac12265921fe231502a6bc6edea3ee7fe6c40a7a", "c5ea60ece0c0c1c849025bfc541b60a6751b491b6f11dd9ef37ab5b8c9041921", "db61a640ca20f237317d27bc658c1fc54c7581ff7f6502d112922dc285bdabee"]
six = ["3350809f0555b11f552448330d0b52d5f24c91a322ea4a15ef22629740f3761c", "d16a0141ec1a18405cd4ce8b4613101da75da0e9a7aec5bdd4fa804d0e0eba73"]
smart-open = ["788e07f035defcbb62e3c1e313329a70b0976f4f65406ee767db73ad5d2d04f9"]
spacy = ["0d80b079c2badb741723bb99e866adb06ff0cff067435fbac8f862a55261a40e", "1c6242c08f075b72b4bc8eacda33f7ade0e132b2743548cc7fa18ebeea830e9d", "1e2face83bb83fc1ddc132577429dcfb247f4362680f16a9ac5b78a699a3ad98", "23b8382544afb5f0e8362c9d3c8a1dafa45b6a3b06a0663c3e48e6bcca7b91c0", "2edc25d517ed795afc799c72fe197b447d4ed2ec0152c1465f292e3b2d4bd558", "53d6185ca14435e9f1f93ef75ba5ff8fd5c6d96b948713d985f7b90629d582a0", "8fe4afa71f043aa068ab0ac4e572134f545c8f9a8988fce6fc9f5b4336b506a0", "9bd43fb037645c251744dd03fbc780dc657af94847c4b458bee7c236b892a238", "c5a61ea342f5b2a720ee593dd28b882741985c4c331deb3081b46c7f0cade8b1", "f828e6a0b6e38dbf903df73ed70813135f2bba637447ed1b7d2aaeb48b0df8c1"]
srsly = ["06c98093f9d1e2573e6bcb64945b748326b31aa3dd8c4945f195a9f33858b420", "7817c37b0c01279e6d12fee1fc11eaea8e4110d5642834b68cd3d15307d8b6df", "78d987ad6b785badfe6150c314b0150ee2bf99f3ca38e138ebb2c024911d528e", "7aaccb4e8e73f825b0ae49f6712c43792c4281e4126fdbd2812314d6704e27a4", "7d3a67800a651b367dec37195481b8e6ef11b7747501c45177c333bcf0f1413c", "9ccb083828b1443eb016bc874bb4854618c439181065e62d157c5d91064f048c", "b7d539d70c30c272542ca3aae0b2a75f2ca455687c951a238aab69e57bfd4ef6", "c2a1f597f83e4356618bd49b395c05c87e02bb4a67aaf175d391e7b0f940708b", "c5a9bc9d04d1dbc2d40776c2a11a70dbb5253ef10b4e0203b70c96d8540f10c6", "d717fddc3772308f97cee018c1c8d5202f47a223782f5bc28bf5f588bd261fb6", "dc4163ad94bda47196c57ef438dc718569f264ef11e8079b3e85f73a2b9bde7f", "e1f6779a993740da8545ac0e1d2b8d5b27cc67e318c6b8bf200481165c76d6e4", "f3a2948b088064f719918ef46a1f14ffbd3ccab4c639c4ecb65053814fb036ed", "f845dc259a18a6ed83c4bc3dde6722563b4a7536a23c5a8c2159cdd242b8f994"]
thinc = ["12c003b804fb93c64261a5010df0129f942234adb8f45d489a355a5315e06acf", "17f9ada01f1f77a5560bc16ec5a650dca08356b50727ded0df19f0dfb4a32a25", "26c9d54ffd90753feebbc462ae59939a9e3d2485ef24ed3dc1861c9b486fdbbe", "3258161fc2cefa4082f099dec3748f1dcef5e920df5e9d82258ea6ffec280b9a", "38a83b928cdc49c994852538f639b2a889681a0589c44b1a6fc3c899e5f36893", "3e76101a733bbb0b97d44bdbcb407678b9e2b487047acb6f4c19b72909a6b12f", "412f107c458d2951711b4d3ec53587244cd3acc032944e855f49cf94a1adc36e", "4948c10c61e627950900cdccf506eb7398d2b28f33cf72bb4b5d9c5c572925e7", "a8b2d7713a7dfc0b18b5c16db58ab6e015df14e4fbed0249ed49e630b2d6a86f", "ec99c2c65962157c7ee7b947d29f2775291860b81cba62c5bd9f92fdeca2d137", "f2386e66042218f19e511692926cef00a9646a3104d2efddfb5bec7b0388a83b", "fc0b37733591315afddee45823d4f6740f9b0567c1ba57a3a3c319669d1fcbad"]
tqdm = ["14a285392c32b6f8222ecfbcd217838f88e11630affe9006cd0e94c7eff3cb61", "25d4c0ea02a305a688e7e9c2cdc8f862f989ef2a4701ab28ee963295f5b109ab"]
urllib3 = ["b246607a25ac80bedac05c6f282e3cdaf3afb65420fd024ac94435cabe6e18d1", "dbe59173209418ae49d485b87d1681aefa36252ee85884c31346debd19463232"]
wasabi = ["b4fbee9dd0c8f5cff6554c0463c565e2d52b7c844d7eccb477d29a6ff8567750", "f92c83e728bf1db6dc859ffc861afa328d2da8ef0c7a19300e5fb1bd5762b277"]
xmltodict = ["50d8c638ed7ecb88d90561beedbf720c9b4e851a9fa6c47ebd64e99d166d8a21", "8bbcb45cc982f48b2ca8fe7e7827c5d792f217ecf1792626f808bf41c3b86051"]
zipp = ["8c1019c6aad13642199fbe458275ad6a84907634cc9f0989877ccc4a2840139d", "ca943a7e809cc12257001ccfb99e3563da9af99d52f261725e96dfe0f9275bc3"]
