[[package]]
category = "dev"
description = "Atomic file writes."
name = "atomicwrites"
optional = false
python-versions = ">=2.7, !=3.0.*, !=3.1.*, !=3.2.*, !=3.3.*"
version = "1.3.0"

[[package]]
category = "dev"
description = "Classes Without Boilerplate"
name = "attrs"
optional = false
python-versions = ">=2.7, !=3.0.*, !=3.1.*, !=3.2.*, !=3.3.*"
version = "19.1.0"

[[package]]
category = "main"
description = "('The Blis BLAS-like linear algebra library, as a self-contained C-extension.',)"
name = "blis"
optional = false
python-versions = "*"
version = "0.2.4"

[package.dependencies]
numpy = ">=1.15.0"

[[package]]
category = "main"
description = "Extensible memoizing collections and decorators"
name = "cachetools"
optional = false
python-versions = "*"
version = "3.1.1"

[[package]]
category = "main"
description = "Python package for providing Mozilla's CA Bundle."
name = "certifi"
optional = false
python-versions = "*"
version = "2019.6.16"

[[package]]
category = "main"
description = "Universal encoding detector for Python 2 and 3"
name = "chardet"
optional = false
python-versions = "*"
version = "3.0.4"

[[package]]
category = "main"
description = "Composable command line interface toolkit"
name = "click"
optional = false
python-versions = ">=2.7, !=3.0.*, !=3.1.*, !=3.2.*, !=3.3.*"
version = "7.0"

[[package]]
category = "dev"
description = "Cross-platform colored terminal text."
marker = "sys_platform == \"win32\""
name = "colorama"
optional = false
python-versions = ">=2.7, !=3.0.*, !=3.1.*, !=3.2.*, !=3.3.*"
version = "0.4.1"

[[package]]
category = "main"
description = "Manage calls to calloc/free through Cython"
name = "cymem"
optional = false
python-versions = "*"
version = "2.0.2"

[[package]]
category = "main"
description = "Cython implementation of Toolz: High performance functional utilities"
name = "cytoolz"
optional = false
python-versions = "*"
version = "0.9.0.1"

[package.dependencies]
toolz = ">=0.8.0"

[[package]]
category = "main"
description = "Better living through Python with decorators"
name = "decorator"
optional = false
python-versions = ">=2.6, !=3.0.*, !=3.1.*"
version = "4.4.0"

[[package]]
category = "main"
description = "A simple framework for building complex web applications."
name = "flask"
optional = false
python-versions = ">=2.7, !=3.0.*, !=3.1.*, !=3.2.*, !=3.3.*, !=3.4.*"
version = "1.1.1"

[package.dependencies]
Jinja2 = ">=2.10.1"
Werkzeug = ">=0.15"
click = ">=5.1"
itsdangerous = ">=0.24"

[[package]]
category = "main"
description = "WSGI HTTP Server for UNIX"
name = "gunicorn"
optional = false
python-versions = ">=2.6, !=3.0.*, !=3.1.*"
version = "19.9.0"

[[package]]
category = "main"
description = "Internationalized Domain Names in Applications (IDNA)"
name = "idna"
optional = false
python-versions = ">=2.7, !=3.0.*, !=3.1.*, !=3.2.*, !=3.3.*"
version = "2.8"

[[package]]
category = "dev"
description = "Read metadata from Python packages"
name = "importlib-metadata"
optional = false
python-versions = ">=2.7,!=3.0,!=3.1,!=3.2,!=3.3"
version = "0.19"

[package.dependencies]
zipp = ">=0.5"

[[package]]
category = "main"
description = "Various helpers to pass data to untrusted environments and back."
name = "itsdangerous"
optional = false
python-versions = ">=2.7, !=3.0.*, !=3.1.*, !=3.2.*, !=3.3.*"
version = "1.1.0"

[[package]]
category = "main"
description = "A small but fast and easy to use stand-alone template engine written in pure python."
name = "jinja2"
optional = false
python-versions = "*"
version = "2.10.1"

[package.dependencies]
MarkupSafe = ">=0.23"

[[package]]
category = "main"
description = "Lightweight pipelining: using Python functions as pipeline jobs."
name = "joblib"
optional = false
python-versions = "*"
version = "0.13.2"

[[package]]
category = "main"
description = "Language detection library ported from Google's language-detection."
name = "langdetect"
optional = false
python-versions = "*"
version = "1.0.7"

[package.dependencies]
six = "*"

[[package]]
category = "main"
description = "Powerful and Pythonic XML processing library combining libxml2/libxslt with the ElementTree API."
name = "lxml"
optional = false
python-versions = "*"
version = "4.4.0"

[[package]]
category = "main"
description = "Safely add untrusted strings to HTML/XML markup."
name = "markupsafe"
optional = false
python-versions = ">=2.7,!=3.0.*,!=3.1.*,!=3.2.*,!=3.3.*"
version = "1.1.1"

[[package]]
category = "dev"
description = "More routines for operating on iterables, beyond itertools"
name = "more-itertools"
optional = false
python-versions = ">=3.4"
version = "7.2.0"

[[package]]
category = "main"
description = "Cython bindings for MurmurHash"
name = "murmurhash"
optional = false
python-versions = "*"
version = "1.0.2"

[[package]]
category = "main"
description = "Python package for creating and manipulating graphs and networks"
name = "networkx"
optional = false
python-versions = ">=3.5"
version = "2.3"

[package.dependencies]
decorator = ">=4.3.0"

[[package]]
category = "main"
description = "NumPy is the fundamental package for array computing with Python."
name = "numpy"
optional = false
python-versions = ">=3.5"
version = "1.17.0"

[[package]]
category = "main"
description = "The smartest command line arguments parser in the world"
name = "plac"
optional = false
python-versions = "*"
version = "0.9.6"

[[package]]
category = "dev"
description = "plugin and hook calling mechanisms for python"
name = "pluggy"
optional = false
python-versions = ">=2.7, !=3.0.*, !=3.1.*, !=3.2.*, !=3.3.*"
version = "0.12.0"

[package.dependencies]
importlib-metadata = ">=0.12"

[[package]]
category = "main"
description = "Cython hash table that trusts the keys are pre-hashed"
name = "preshed"
optional = false
python-versions = "*"
version = "2.0.1"

[package.dependencies]
cymem = ">=2.0.2,<2.1.0"

[[package]]
category = "dev"
description = "library with cross-python path, ini-parsing, io, code, log facilities"
name = "py"
optional = false
python-versions = ">=2.7, !=3.0.*, !=3.1.*, !=3.2.*, !=3.3.*"
version = "1.8.0"

[[package]]
category = "main"
description = "A Python wrapper for Ofir Pele and Michael Werman's implementation of the Earth Mover's Distance."
name = "pyemd"
optional = false
python-versions = "*"
version = "0.5.1"

[package.dependencies]
numpy = ">=1.9.0,<2.0.0"

[[package]]
category = "main"
description = "Pure Python module to hyphenate text"
name = "pyphen"
optional = false
python-versions = "*"
version = "0.9.5"

[[package]]
category = "dev"
description = "pytest: simple powerful testing with Python"
name = "pytest"
optional = false
python-versions = ">=2.7, !=3.0.*, !=3.1.*, !=3.2.*, !=3.3.*"
version = "3.10.1"

[package.dependencies]
atomicwrites = ">=1.0"
attrs = ">=17.4.0"
colorama = "*"
more-itertools = ">=4.0.0"
pluggy = ">=0.7"
py = ">=1.5.0"
setuptools = "*"
six = ">=1.10.0"

[[package]]
category = "main"
description = "Python extension for computing string edit distances and similarities."
name = "python-levenshtein"
optional = false
python-versions = "*"
version = "0.12.0"

[package.dependencies]
setuptools = "*"

[[package]]
category = "main"
description = "Python HTTP for Humans."
name = "requests"
optional = false
python-versions = ">=2.7, !=3.0.*, !=3.1.*, !=3.2.*, !=3.3.*, !=3.4.*"
version = "2.22.0"

[package.dependencies]
certifi = ">=2017.4.17"
chardet = ">=3.0.2,<3.1.0"
idna = ">=2.5,<2.9"
urllib3 = ">=1.21.1,<1.25.0 || >1.25.0,<1.25.1 || >1.25.1,<1.26"

[[package]]
category = "main"
description = "A set of python modules for machine learning and data mining"
name = "scikit-learn"
optional = false
python-versions = "*"
version = "0.20.4"

[package.dependencies]
numpy = ">=1.8.2"
scipy = ">=0.13.3"

[[package]]
category = "main"
description = "SciPy: Scientific Library for Python"
name = "scipy"
optional = false
python-versions = ">=3.5"
version = "1.3.0"

[package.dependencies]
numpy = ">=1.13.3"

[[package]]
category = "main"
description = "Python 2 and 3 compatibility utilities"
name = "six"
optional = false
python-versions = ">=2.6, !=3.0.*, !=3.1.*"
version = "1.12.0"

[[package]]
category = "main"
description = "Industrial-strength Natural Language Processing (NLP) with Python and Cython"
name = "spacy"
optional = false
python-versions = ">=2.7,!=3.0.*,!=3.1.*,!=3.2.*,!=3.3.*"
version = "2.1.6"

[package.dependencies]
blis = ">=0.2.2,<0.3.0"
cymem = ">=2.0.2,<2.1.0"
murmurhash = ">=0.28.0,<1.1.0"
numpy = ">=1.15.0"
plac = ">=0.9.6,<1.0.0"
preshed = ">=2.0.1,<2.1.0"
requests = ">=2.13.0,<3.0.0"
srsly = ">=0.0.6,<1.1.0"
thinc = ">=7.0.8,<7.1.0"
wasabi = ">=0.2.0,<1.1.0"

[[package]]
category = "main"
description = "Modern high-performance serialization utilities for Python"
name = "srsly"
optional = false
python-versions = "*"
version = "0.0.7"

[[package]]
category = "main"
description = "Extract text and metadata from TEI-documents"
name = "teidocument"
optional = false
python-versions = ">=3.7,<4.0"
version = "1.0.7"

[package.dependencies]
lxml = ">=4.3,<5.0"
xmltodict = ">=0.12.0,<0.13.0"

[[package]]
category = "main"
description = "NLP, before and after spaCy"
name = "textacy"
optional = false
python-versions = ">=2.7,!=3.0.*,!=3.1.*,!=3.2.*,!=3.3.*,!=3.4.*"
version = "0.7.1"

[package.dependencies]
cachetools = ">=2.0.0"
cytoolz = ">=0.8.0"
joblib = ">=0.13.0"
networkx = ">=1.11"
numpy = ">=1.9.0,<2.0.0"
pyemd = ">=0.3.0"
pyphen = ">=0.9.4"
python-levenshtein = ">=0.12.0"
requests = ">=2.10.0"
scikit-learn = ">=0.18.0,<0.21.0"
scipy = ">=0.17.0"
spacy = ">=2.0.12"
srsly = ">=0.0.5"
tqdm = ">=4.11.1"

[[package]]
category = "main"
description = "Practical Machine Learning for NLP"
name = "thinc"
optional = false
python-versions = "*"
version = "7.0.8"

[package.dependencies]
blis = ">=0.2.1,<0.3.0"
cymem = ">=2.0.2,<2.1.0"
murmurhash = ">=0.28.0,<1.1.0"
numpy = ">=1.7.0"
plac = ">=0.9.6,<1.0.0"
preshed = ">=1.0.1,<2.1.0"
srsly = ">=0.0.6,<1.1.0"
tqdm = ">=4.10.0,<5.0.0"
wasabi = ">=0.0.9,<1.1.0"

[[package]]
category = "main"
description = "List processing tools and functional utilities"
name = "toolz"
optional = false
python-versions = ">=2.7, !=3.0.*, !=3.1.*, !=3.2.*, !=3.3.*"
version = "0.10.0"

[[package]]
category = "main"
description = "Fast, Extensible Progress Meter"
name = "tqdm"
optional = false
python-versions = ">=2.6, !=3.0.*, !=3.1.*"
version = "4.32.2"

[[package]]
category = "main"
description = "HTTP library with thread-safe connection pooling, file post, and more."
name = "urllib3"
optional = false
python-versions = ">=2.7, !=3.0.*, !=3.1.*, !=3.2.*, !=3.3.*, <4"
version = "1.25.3"

[[package]]
category = "main"
description = "A lightweight console printing and formatting toolkit"
name = "wasabi"
optional = false
python-versions = "*"
version = "0.2.2"

[[package]]
category = "main"
description = "The comprehensive WSGI web application library."
name = "werkzeug"
optional = false
python-versions = ">=2.7, !=3.0.*, !=3.1.*, !=3.2.*, !=3.3.*"
version = "0.15.5"

[[package]]
category = "main"
description = "Makes working with XML feel like you are working with JSON"
name = "xmltodict"
optional = false
python-versions = ">=2.7, !=3.0.*, !=3.1.*, !=3.2.*, !=3.3.*"
version = "0.12.0"

[[package]]
category = "dev"
description = "Backport of pathlib-compatible object wrapper for zip files"
name = "zipp"
optional = false
python-versions = ">=2.7"
version = "0.5.2"

[metadata]
content-hash = "e6041dd08899dd94e8c7549864071db74dca8f1dadf98ccabd2be64f346627b3"
python-versions = "^3.7"

[metadata.hashes]
atomicwrites = ["03472c30eb2c5d1ba9227e4c2ca66ab8287fbfbbda3888aa93dc2e28fc6811b4", "75a9445bac02d8d058d5e1fe689654ba5a6556a1dfd8ce6ec55a0ed79866cfa6"]
attrs = ["69c0dbf2ed392de1cb5ec704444b08a5ef81680a61cb899dc08127123af36a79", "f0b870f674851ecbfbbbd364d6b5cbdff9dcedbc7f3f5e18a6891057f21fe399"]
blis = ["039129410a338be8db8cf48c54334bd7c30da7e72bad2741e59313b1d242814b", "058f9109aaea9d4f88cb623a44994d96c8cf36448de3e1bd30210628d6b52e9e", "278d7b95e56cf82a6bef91cd8283eadc9401f2d3bdbbf2cdfdb605cf9081c36e", "2d4ca1508fd6229c7994fc17ba324083a5b83f66612c8ea62623a41a1768b030", "51a54bad6175e9b154beeb628a879ed492ee2247c9e40c77bdf6fc772145130c", "886b313f96d4e268a0587e98c1637d963c73defa8de51e2e6b0d0bd00f16afbb", "9f12e6f1e4b10dbb1e0e34e98f60e8435058a60d544a009cb761351fe1d12cad", "a54d4fa1908d586f8bce9851a453cb89d1542e9aca65b8b88e9bb9432d626f80", "b9d6cef13d95e3752320cd942df25e09160a6f9dfc3d7b41af7cdc772ab18270", "d571464d195a950e60bf1547c8914d4da50952e06a0f38cea7b0829d0a4b985a", "d616d64c85e6be92d69a1410dc58146cb9603fd1eb148f9ee512b8fddfd789f6", "e477c7eaacf7dcccbb190a29559579efb287ecf5c2a9a7a6f9acb0452899f033", "e6ae1986625af86f90f111f9d2d284b9e45fddfe56cf40524cdd9417a6a33b87"]
cachetools = ["428266a1c0d36dc5aca63a2d7c5942e88c2c898d72139fca0e97fdd2380517ae", "8ea2d3ce97850f31e4a08b0e2b5e6c34997d7216a9d2c98e0f3978630d4da69a"]
certifi = ["046832c04d4e752f37383b628bc601a7ea7211496b4638f6514d0e5b9acc4939", "945e3ba63a0b9f577b1395204e13c3a231f9bc0223888be653286534e5873695"]
chardet = ["84ab92ed1c4d4f16916e05906b6b75a6c0fb5db821cc65e70cbd64a3e2a5eaae", "fc323ffcaeaed0e0a02bf4d117757b98aed530d9ed4531e3e15460124c106691"]
click = ["2335065e6395b9e67ca716de5f7526736bfa6ceead690adf616d925bdc622b13", "5b94b49521f6456670fdb30cd82a4eca9412788a93fa6dd6df72c94d5a8ff2d7"]
colorama = ["05eed71e2e327246ad6b38c540c4a3117230b19679b875190486ddd2d721422d", "f8ac84de7840f5b9c4e3347b3c1eaa50f7e49c2b07596221daec5edaabbd7c48"]
cymem = ["081c652ae1aff4759813e93a2fc4df4ba410ce214a0e542988e24c62110d4cd0", "0e447fa4cb6dccd0b96257a798370a17bef3ec254a527230058e41816a777c04", "2c8267dcb15cc6ab318f01ceaf16b8440c0386ae44014d5b22fefe5b0398d05c", "46141111eedbb5b0d8c9386b00226a15f5727a1202b9095f4363d425f259267e", "4994c1f3e948bd58a6e38c905221680563b851983a15f1f01e5ff415d560d153", "584872fd3df176e50c90e37aaca6cb731ac0abcdea4f5b8ad77c30674cfaaa99", "6e3194135b21bb268030f3473beb8b674b356c330a9fa185dced2f5006cbd5ba", "71710ee0e946a6bd33c86dd9e71f95ad584c65e8bb02615f00ceb0d8348fb303", "741957f541fb8322de5a8c711d5d58f80d684225d2aec32fec92484cac931a52", "7f01ba6153427811cd7d35630081c69b32c188a1d330599a826ef3bf17edbd7c", "8d96e95902e781950d7c255b19364a1ed50a204843d63dd386b0abc5e6df5e44", "8dd169ece1629ec4db1a592321e3ae0a9bb62fda2052a351fc36871f314c3569", "8e6ad29636edd559b0dfe0a19c5cb5e6257461a5df90839e8c7710ddb005f4b4", "9935b233882732f03fd0fadbeb9e9aa672edcdd126e6d52c36d60adf1def8ea5", "a38b3229782411e4b23240f5f90000c4e7a834af88ed8763c66f8e4603db6b51", "a5966b3171bad9c84a2b19dccda5ab37ae8437c0709a6b72cb42b64ea76a4bd3", "ab88b1534f06df07262d9bc5efb3ba07948cdbe9a363eb9eaa4ad42fae6c7b5e", "b08b0dd7adafbff9f0fd7dc8dcad5f3ce6f23c126c81ad8d1666880cc94e6974", "ba47b571d480c0b76d282ff1634372070031d4998a46ae5d8305d49563b74ca6", "bf049dc9cf0d3aa4a48ba514b7f1699fb6f35b18ad8c6f018bd13e0bccd9d30c", "c46a122c524a3270ac5249f590ac2f75f1a83692a3d3a03479cea49de72a0a89", "c63337aa7e1ad4ec182cc7847c6d85390589fbbf1f9f67d1fde8133a9acb7fa8", "ec51273ea08a2c6389bc4dd6b5183354826d916b149a041f2f274431166191bc"]
cytoolz = ["84cc06fa40aa310f2df79dd440fc5f84c3e20f01f9f7783fc9c38d0a11ba00e5"]
decorator = ["86156361c50488b84a3f148056ea716ca587df2f0de1d34750d35c21312725de", "f069f3a01830ca754ba5258fde2278454a0b5b79e0d7f5c13b3b97e57d4acff6"]
flask = ["13f9f196f330c7c2c5d7a5cf91af894110ca0215ac051b5844701f2bfd934d52", "45eb5a6fd193d6cf7e0cf5d8a5b31f83d5faae0293695626f539a823e93b13f6"]
gunicorn = ["aa8e0b40b4157b36a5df5e599f45c9c76d6af43845ba3b3b0efe2c70473c2471", "fa2662097c66f920f53f70621c6c58ca4a3c4d3434205e608e121b5b3b71f4f3"]
idna = ["c357b3f628cf53ae2c4c05627ecc484553142ca23264e593d327bcde5e9c3407", "ea8b7f6188e6fa117537c3df7da9fc686d485087abf6ac197f9c46432f7e4a3c"]
importlib-metadata = ["23d3d873e008a513952355379d93cbcab874c58f4f034ff657c7a87422fa64e8", "80d2de76188eabfbfcf27e6a37342c2827801e59c4cc14b0371c56fed43820e3"]
itsdangerous = ["321b033d07f2a4136d3ec762eac9f16a10ccd60f53c0c91af90217ace7ba1f19", "b12271b2047cb23eeb98c8b5622e2e5c5e9abd9784a153e9d8ef9cb4dd09d749"]
jinja2 = ["065c4f02ebe7f7cf559e49ee5a95fb800a9e4528727aec6f24402a5374c65013", "14dd6caf1527abb21f08f86c784eac40853ba93edb79552aa1e4b8aef1b61c7b"]
joblib = ["21e0c34a69ad7fde4f2b1f3402290e9ec46f545f15f1541c582edfe05d87b63a", "315d6b19643ec4afd4c41c671f9f2d65ea9d787da093487a81ead7b0bac94524"]
langdetect = ["91a170d5f0ade380db809b3ba67f08e95fe6c6c8641f96d67a51ff7e98a9bf30"]
lxml = ["06e5599b9c54f797a3c0f384c67705a0d621031007aa2400a6c7d17300fdb995", "092237cfe4ece074401b75001a2e525fa6e1fb9d40fee8b7b132b1947d3bd2f8", "0b6d49d0a26fe8207df8dd27c40b75be4deb2277173903aa76ec3e82df77cbe7", "0f77061c20b4f32b1cf39e8f661c74e966344084c996e7b23c3a94e472461df0", "0fef86edfa2f146b4b0ae2c6c05c3e4a8f3388b3655eafbc4aab3247f4dabb24", "2f163c8844db4ed06a230ef092e2461ad01830972a896b8f3cf8b5bac70ae85d", "350333190052bbfbc3222b1805b59b7979d7276e57af2257367e15a2db27082d", "3b57dc5ed7b6a7d852c961f2389ca99404c2b59fd2088baec6fbaca02f688be4", "3e86e5df4a8edd6f725f3c76f1d45e046d4f3aa40478092e4f5f373ad1f526e2", "43dac60d10341d3e56be089cd0798b70e70d45ce32279f4c3190d8cbd71350e4", "4665ee84ac8ba11d58f1ed517e29ea8536b4ae4e0c6fb6c7d3dce70abcd279f0", "5033cf606a7cb559db967689b1b2e743994000f783607ba4c484e90917395ad7", "75d731af05bf40f808d7716e0d26b4b02913402f861c032ce8c36efca350ae72", "7720174604c7647e357566ac9e4d135c137caed5e7b01223551a4c81c8dc8b9a", "b33ec641309bcea40c76c1b105f988e4e8f9a2f1ee1486aa5c0eeef33956c9bb", "d1135dc0ac197242028ede085b693ba1f2bff7f0f9b91080e2540348312bfa53", "d5a61e9c2322b45f259909a02b76bc98c4641214e22a37191d00c151aa9cdb9a", "da22c4b17bc17dad9c8faf6d94c8fe568ac71c867a56631ab874da418fc7f8f7", "da5c48ec9f8d8b5df42d328b6d1fb8d9413cd664a2367ef4f6f7cc48ee5b82c0", "db2794bad21b7b30b6849b4e1537171cae8a7087711d958d69c233470dc612e7", "f1c2f67df727034f94ccb590142d1d110f3dd38f638a4f1567fdd9f39892ba05", "f840dddded8b046edc774c88ed8d2442cdb231a68894c42c74e3a809450fae76"]
markupsafe = ["00bc623926325b26bb9605ae9eae8a215691f33cae5df11ca5424f06f2d1f473", "09027a7803a62ca78792ad89403b1b7a73a01c8cb65909cd876f7fcebd79b161", "09c4b7f37d6c648cb13f9230d847adf22f8171b1ccc4d5682398e77f40309235", "1027c282dad077d0bae18be6794e6b6b8c91d58ed8a8d89a89d59693b9131db5", "24982cc2533820871eba85ba648cd53d8623687ff11cbb805be4ff7b4c971aff", "29872e92839765e546828bb7754a68c418d927cd064fd4708fab9fe9c8bb116b", "43a55c2930bbc139570ac2452adf3d70cdbb3cfe5912c71cdce1c2c6bbd9c5d1", "46c99d2de99945ec5cb54f23c8cd5689f6d7177305ebff350a58ce5f8de1669e", "500d4957e52ddc3351cabf489e79c91c17f6e0899158447047588650b5e69183", "535f6fc4d397c1563d08b88e485c3496cf5784e927af890fb3c3aac7f933ec66", "62fe6c95e3ec8a7fad637b7f3d372c15ec1caa01ab47926cfdf7a75b40e0eac1", "6dd73240d2af64df90aa7c4e7481e23825ea70af4b4922f8ede5b9e35f78a3b1", "717ba8fe3ae9cc0006d7c451f0bb265ee07739daf76355d06366154ee68d221e", "79855e1c5b8da654cf486b830bd42c06e8780cea587384cf6545b7d9ac013a0b", "7c1699dfe0cf8ff607dbdcc1e9b9af1755371f92a68f706051cc8c37d447c905", "88e5fcfb52ee7b911e8bb6d6aa2fd21fbecc674eadd44118a9cc3863f938e735", "8defac2f2ccd6805ebf65f5eeb132adcf2ab57aa11fdf4c0dd5169a004710e7d", "98c7086708b163d425c67c7a91bad6e466bb99d797aa64f965e9d25c12111a5e", "9add70b36c5666a2ed02b43b335fe19002ee5235efd4b8a89bfcf9005bebac0d", "9bf40443012702a1d2070043cb6291650a0841ece432556f784f004937f0f32c", "ade5e387d2ad0d7ebf59146cc00c8044acbd863725f887353a10df825fc8ae21", "b00c1de48212e4cc9603895652c5c410df699856a2853135b3967591e4beebc2", "b1282f8c00509d99fef04d8ba936b156d419be841854fe901d8ae224c59f0be5", "b2051432115498d3562c084a49bba65d97cf251f5a331c64a12ee7e04dacc51b", "ba59edeaa2fc6114428f1637ffff42da1e311e29382d81b339c1817d37ec93c6", "c8716a48d94b06bb3b2524c2b77e055fb313aeb4ea620c8dd03a105574ba704f", "cd5df75523866410809ca100dc9681e301e3c27567cf498077e8551b6d20e42f", "e249096428b3ae81b08327a63a485ad0878de3fb939049038579ac0ef61e17e7"]
more-itertools = ["409cd48d4db7052af495b09dec721011634af3753ae1ef92d2b32f73a745f832", "92b8c4b06dac4f0611c0729b2f2ede52b2e1bac1ab48f089c7ddc12e26bb60c4"]
murmurhash = ["27b908fe4bdb426f4e4e4a8821acbe0302915b2945e035ec9d8ca513e2a74b1f", "33405103fa8cde15d72ee525a03d5cfe2c7e4901133819754810986e29627d68", "386a9eed3cb27cb2cd4394b6521275ba04552642c2d9cab5c9fb42aa5a3325c0", "3af36a0dc9f13f6892d9b8b39a6a3ccf216cae5bce38adc7c2d145677987772f", "717196a04cdc80cc3103a3da17b2415a8a5e1d0d578b7079259386bf153b3258", "8a4ed95cd3456b43ea301679c7c39ade43fc18b844b37d0ba0ac0d6acbff8e0c", "a6c071b4b498bcea16a8dc8590cad81fa8d43821f34c74bc00f96499e2527073", "b0afe329701b59d02e56bc6cee7325af83e3fee9c299c615fc1df3202b4f886f", "ba766343bdbcb928039b8fff609e80ae7a5fd5ed7a4fc5af822224b63e0cbaff", "bf33490514d308bcc27ed240cb3eb114f1ec31af031535cd8f27659a7049bd52", "c7a646f6b07b033642b4f52ae2e45efd8b80780b3b90e8092a0cec935fbf81e2", "d696c394ebd164ca80b5871e2e9ad2f9fdbb81bd3c552c1d5f1e8ee694e6204a", "fe344face8d30a5a6aa26e5acf288aa2a8f0f32e05efdda3d314b4bf289ec2af"]
networkx = ["8311ddef63cf5c5c5e7c1d0212dd141d9a1fe3f474915281b73597ed5f1d4e3d"]
numpy = ["03e311b0a4c9f5755da7d52161280c6a78406c7be5c5cc7facfbcebb641efb7e", "0cdd229a53d2720d21175012ab0599665f8c9588b3b8ffa6095dd7b90f0691dd", "312bb18e95218bedc3563f26fcc9c1c6bfaaf9d453d15942c0839acdd7e4c473", "464b1c48baf49e8505b1bb754c47a013d2c305c5b14269b5c85ea0625b6a988a", "5adfde7bd3ee4864536e230bcab1c673f866736698724d5d28c11a4d63672658", "7724e9e31ee72389d522b88c0d4201f24edc34277999701ccd4a5392e7d8af61", "8d36f7c53ae741e23f54793ffefb2912340b800476eb0a831c6eb602e204c5c4", "910d2272403c2ea8a52d9159827dc9f7c27fb4b263749dca884e2e4a8af3b302", "951fefe2fb73f84c620bec4e001e80a80ddaa1b84dce244ded7f1e0cbe0ed34a", "9588c6b4157f493edeb9378788dcd02cb9e6a6aeaa518b511a1c79d06cbd8094", "9ce8300950f2f1d29d0e49c28ebfff0d2f1e2a7444830fbb0b913c7c08f31511", "be39cca66cc6806652da97103605c7b65ee4442c638f04ff064a7efd9a81d50a", "c3ab2d835b95ccb59d11dfcd56eb0480daea57cdf95d686d22eff35584bc4554", "eb0fc4a492cb896346c9e2c7a22eae3e766d407df3eb20f4ce027f23f76e4c54", "ec0c56eae6cee6299f41e780a0280318a93db519bbb2906103c43f3e2be1206c", "f4e4612de60a4f1c4d06c8c2857cdcb2b8b5289189a12053f37d3f41f06c60d0"]
plac = ["854693ad90367e8267112ffbb8955f57d6fdeac3191791dc9ffce80f87fd2370", "ba3f719a018175f0a15a6b04e6cc79c25fd563d348aacd320c3644d2a9baf89b"]
pluggy = ["0825a152ac059776623854c1543d65a4ad408eb3d33ee114dff91e57ec6ae6fc", "b9817417e95936bf75d85d3f8767f7df6cdde751fc40aed3bb3074cbcb77757c"]
preshed = ["0c9af79c7b825793f987d477627efb81afd23384ac791bebbc88a257342a77ab", "0ebc79431154bc5d12f97b3c93bc350af941702a44f0761dfcd395e970d693f8", "102e71dc841c979b2ece44ab05b2b0aa39c8039493ddac40dd22cf23e2484063", "15145b24eded01426544be829a6395d6c99e2d62f5f3b88a6e19087ebeef7237", "195674dfb4bcf18b26e448feaabdf61adcf028ae69ecaa075c0bdfaf62a19671", "38f7fbef59f89d3b2c8c3b102f9a7360cd73a33c829fdeb101c615b18ecc4686", "3aa411233dc230247ea4c4558062e5b2d59d41c697107a45fddbfe03e63f3e77", "3b8c7b607e6dce0843544cfe4f05355db0516fce8eca0c37d6b5f4f3680493bf", "4bda4153d46a603bc6ea65380dfa091d46700f664cb906c7f26a469be6c2a503", "541d7ed765d67512d6f9fa24fd01cc1d7a51c7ff2646362924f4db46813b485a", "593d23b9f851ae7a4d519ca4489dd2b352d833e08f5d35795d42a591b8badb54", "7f6fb8f4108abe958af892847ed50abe6f45aaf45a87853cc8154a7203e75d84", "7ff7f18af1f19ea666ac4fbf48842e6acd900fbfdc26bb9aad02f353ff932386", "9c0d503d8693bf1e08e0fa1cecbcd3253146abaa9a7501d7d583a72edd29fdd1", "9cefe818a97134c0ddf22ef76fced1c841ebd137c2895251c5d1310276c234b5", "9e603916a95dc524081d54c0a135611e6f68d787185d5df2b5ab3f076c3d1bd4", "a2acacceac79aa6d4b65125e20c7de78fbca1340a251854c87967acef1795490", "a3d592e7b265b4faf08c9b4d7493b9e8604e0ba8858cc9bd8c9aee41d3df2a3a", "b2030e68c6f539e6dd7bfcea032940042739ef05d50a2eb1d7af24e038971b0f", "bc894dc14d8567a5d6a1cded0a701da7fbb360b2124237fe8acde85333825aef", "c21d4d10cc0248ba3facbbbfbe63211ce921478a3d5db6de34de39ee1b3484e1", "dae01c74313965c487e0ec839e5f28d0c7df9bfd1d978aa5bada3f72ff20a9e5", "ee8068035684a4b382bebb3a3f270799360545baff9742b85e627a0a889e6850"]
py = ["64f65755aee5b381cea27766a3a147c3f15b9b6b9ac88676de66ba2ae36793fa", "dc639b046a6e2cff5bbe40194ad65936d6ba360b52b3c3fe1d08a82dd50b5e53"]
pyemd = ["15750113757ace54a03d2efef7bbc2c5a4782cba30555e7fd401bcafcfa0ecb2", "fc81c2116f8573e559dfbb8d73e03d9f73c22d0770559f406516984302e07e70"]
pyphen = ["3b633a50873156d777e1f1075ba4d8e96a6ad0a3ca42aa3ea9a6259f93f18921", "e172faf10992c8c9d369bdc83e36dbcf1121f4ed0d881f1a0b521935aee583b5"]
pytest = ["3f193df1cfe1d1609d4c583838bea3d532b18d6160fd3f55c9447fdca30848ec", "e246cf173c01169b9617fc07264b7b1316e78d7a650055235d6d897bc80d9660"]
python-levenshtein = ["033a11de5e3d19ea25c9302d11224e1a1898fe5abd23c61c7c360c25195e3eb1"]
requests = ["11e007a8a2aa0323f5a921e9e6a2d7e4e67d9877e85773fba9ba6419025cbeb4", "9cf5292fcd0f598c671cfc1e0d7d1a7f13bb8085e9a590f48c010551dc6c4b31"]
scikit-learn = ["03c721eaed97f4f6b92d1247c64639bb1feea0be968f708b56f9dfb836b9d9ca", "0863989d48ae51ba8803b1daeb936d44f260ee0174f67eee58d6d74280fe6e93", "25285960a093781b10d7d26484f8e3523b9d23676329862ba66a753bb0b2e632", "2c8b999c739f8af014a2f1fb0577b3a98ab20c375c37274bf3c1f6a3f06f56f7", "2d9b4b551569bcb87fb50bc77d5f3ca30e1856b0e987619c7a266d4372990ba6", "2fd692310890a6137dd8e550496bfb71ef37a2b8d1a89b87418ed25fe454dde4", "3323640ce4ade456f13c4fec97bdeb6a380e6f7005ec6709afb9e554a0b73b02", "3b95e4a693d1d1e91ebc22abcc4e3731f9bfd2be2308b071b19db46a7d0fa6f6", "43a521c6992adf28a78abdb2d18b77c481a7dd86f7bd1de8f3e02231a88904cc", "4de3f1e35c29dac3b1f8afaa6afe1b682dbb19159c5ee5d77f97fa5ceb1d020d", "546a2bf74c07634f65dc8e92ea50c124eb2adde10415cf25a43cf8c0a79671b7", "54e6b20c8392d2047470f504822e8141a726949f2c196c1711fef873650f301d", "59b382e02e132b5079d4520f2c9fec8147d1743f0f11bc6e21907906ef23fa29", "5ede3783e81af866c3d3efbf3d255a88aaebde7d8cb39e6d5c47f9ed5359172b", "73b3da63d35b922fdae378c582326e887d6bdf9282050ef3587d2f96c926bbcd", "7d0d17789ccf3fd13a6a605f78d586ec4a9b57f94e0e74ce829bc7e7bb796f78", "7dbb4c23f2911e81fe607c26f1a1277c6f2798192765a9472c33570f8a843b6b", "994e807f09c8517ad703e5685599ef195cc90e693e203894a66000dc89e1382f", "9afeffd7fba365eb8d0603b13d4ea76ee63cacded21556c65e98b4682c2b09bf", "b47d865ae832f0d1538f449b0a42cf37121bbcd514eb1d37c0ff0b70b0ac192c", "c42b27bd051af258cb46b7773e031aa52e49e1cc86b769895ca031c35b15a392", "d9019683ec2382e686ecca5377b7c99f059a9b3a7f6a0bf6afddb10aec82b016", "dfa8a3f33907614030cdfbc8b6f553dacbecaf09f922244f128af3060a137cfc", "e380c086e8cae1480365068e57469302a1ee8fae98eb02010c80ef2cb292f7a3", "ea42e28bc9f5a3110e77c773a55b3d2b7133ce05c6940cc28a3a554aebd6ab80", "ea5843a535da2458216ce87084ed51de6de7331e1b6891df9ea29a238a79bb02", "f04adc9ad6bc252b080b0b48cda769fa47ea7013e5640b0cb67d26f2f9a9fcff", "f9553369f246721813f8f6784a40cc39c84ca2c6230272c7c1ec24318aa0a2f9"]
scipy = ["03b1e0775edbe6a4c64effb05fff2ce1429b76d29d754aa5ee2d848b60033351", "09d008237baabf52a5d4f5a6fcf9b3c03408f3f61a69c404472a16861a73917e", "10325f0ffac2400b1ec09537b7e403419dcd25d9fee602a44e8a32119af9079e", "1db9f964ed9c52dc5bd6127f0dd90ac89791daa690a5665cc01eae185912e1ba", "409846be9d6bdcbd78b9e5afe2f64b2da5a923dd7c1cd0615ce589489533fdbb", "4907040f62b91c2e170359c3d36c000af783f0fa1516a83d6c1517cde0af5340", "6c0543f2fdd38dee631fb023c0f31c284a532d205590b393d72009c14847f5b1", "826b9f5fbb7f908a13aa1efd4b7321e36992f5868d5d8311c7b40cf9b11ca0e7", "a7695a378c2ce402405ea37b12c7a338a8755e081869bd6b95858893ceb617ae", "a84c31e8409b420c3ca57fd30c7589378d6fdc8d155d866a7f8e6e80dec6fd06", "adadeeae5500de0da2b9e8dd478520d0a9945b577b2198f2462555e68f58e7ef", "b283a76a83fe463c9587a2c88003f800e08c3929dfbeba833b78260f9c209785", "c19a7389ab3cd712058a8c3c9ffd8d27a57f3d84b9c91a931f542682bb3d269d", "c3bb4bd2aca82fb498247deeac12265921fe231502a6bc6edea3ee7fe6c40a7a", "c5ea60ece0c0c1c849025bfc541b60a6751b491b6f11dd9ef37ab5b8c9041921", "db61a640ca20f237317d27bc658c1fc54c7581ff7f6502d112922dc285bdabee"]
six = ["3350809f0555b11f552448330d0b52d5f24c91a322ea4a15ef22629740f3761c", "d16a0141ec1a18405cd4ce8b4613101da75da0e9a7aec5bdd4fa804d0e0eba73"]
spacy = ["2441ad9e6195669c13f4035dd77c4206414a40ebb8543c69f3386d984abfb942", "92413e0ee146c0b4dd52959799aa6d61e7900f403269bda77cc549b025bedf2a", "9a1c268e99ac8e19f3a98ecf2da0d8dc48ce0e8c5a6943c19cecccc48ea9f50e", "ae392362e1b3769e54242cc341d237d39c94f80cded466c8f11862f26bd899da", "b708bb5825976220de78ad7e20e827912ca95653738a812cc2e5d194e3060ae8", "c383a4ea7682c124dacc119651c9710fa618aa2751bcafec99c876bdc7810ac0", "ca8719ff445184913ca672bf544d9c5b59f77efc725510ffc43c83009fff3253", "cdb331604c1568f7848c4d74320d65e1a7ebd5314eb63373ef41713b16333d4a", "e1de6177fc259a4601cf8573f65c41021afad6fde975c6692e8ed21989c9492d", "f6ed3d25aa8d46d9923ae607917a7d31666c04cf6a4f9314154586da4a8e7673"]
srsly = ["06c98093f9d1e2573e6bcb64945b748326b31aa3dd8c4945f195a9f33858b420", "7817c37b0c01279e6d12fee1fc11eaea8e4110d5642834b68cd3d15307d8b6df", "78d987ad6b785badfe6150c314b0150ee2bf99f3ca38e138ebb2c024911d528e", "7aaccb4e8e73f825b0ae49f6712c43792c4281e4126fdbd2812314d6704e27a4", "7d3a67800a651b367dec37195481b8e6ef11b7747501c45177c333bcf0f1413c", "9ccb083828b1443eb016bc874bb4854618c439181065e62d157c5d91064f048c", "b7d539d70c30c272542ca3aae0b2a75f2ca455687c951a238aab69e57bfd4ef6", "c2a1f597f83e4356618bd49b395c05c87e02bb4a67aaf175d391e7b0f940708b", "c5a9bc9d04d1dbc2d40776c2a11a70dbb5253ef10b4e0203b70c96d8540f10c6", "d717fddc3772308f97cee018c1c8d5202f47a223782f5bc28bf5f588bd261fb6", "dc4163ad94bda47196c57ef438dc718569f264ef11e8079b3e85f73a2b9bde7f", "e1f6779a993740da8545ac0e1d2b8d5b27cc67e318c6b8bf200481165c76d6e4", "f3a2948b088064f719918ef46a1f14ffbd3ccab4c639c4ecb65053814fb036ed", "f845dc259a18a6ed83c4bc3dde6722563b4a7536a23c5a8c2159cdd242b8f994"]
teidocument = ["e2540dcacf2d5d5b8ad0b185b2e6363b639cac9928ca6a6e1c22d1030305d95c", "e4c7ec61e641c705a05a8716e8f39a4a731ac1c993e9ee8732d897e0e27f9629"]
textacy = ["003177bf2ebcec84624db1ade132aaf53f4e07c2dbf25d87e65387999d66d1a0", "65ae9e38fb714fec446bb89ae0c8f6cdeb9bcdbdf699d21f36cec83ccf133574"]
thinc = ["02c3aceae5057f13bb17aae8c9ad945a1986599387febb1ceeced1a4dac2066e", "2c62d9527f5f5fe0c79947a96a855f831ae3c949db00452d99991148370acff1", "3894eae850735d6033ca33f3f4fb61e35650ae33533e7d6b9b956a567dbe0db1", "4ef23bea2d7cc67b1b37c87b49536e4bc5bf91a25c3ba5b0dac07d5b89dbcc1a", "5cdb72e8efec0e7b6efae09a09245d744f144114048f63f1ed4b63b8656d2aa4", "6ebf3519383b8c7ee64d0f7041818486e4f4c6119c55f1a39412e005893da11a", "89df96c2cc2e45c92e7217c3cc0c30a01443f958e565e373239186ff939fdfe9", "95589d0d177739ae36d6b31b14c62c01e3e32fa3debbffcbcbd436b4d09e910f", "b117fb43048ed28b5fe0285e81a2a1e6b4999edd638413e2e52fa981d0c7e5a5", "e646c6a656d33019510ee464ebff545940d712706674dbf0136434245625e2dd", "e7486cffa3f8f374efb5c008f32776e104a6afeb6f8d9149ec868726fc6ef1af", "f27e0fe9b1e4be2eb0ff95112a9cbcd79e1614d25b8bae6f2e8e2b727c2a2fe6"]
toolz = ["08fdd5ef7c96480ad11c12d472de21acd32359996f69a5259299b540feba4560"]
tqdm = ["14a285392c32b6f8222ecfbcd217838f88e11630affe9006cd0e94c7eff3cb61", "25d4c0ea02a305a688e7e9c2cdc8f862f989ef2a4701ab28ee963295f5b109ab"]
urllib3 = ["b246607a25ac80bedac05c6f282e3cdaf3afb65420fd024ac94435cabe6e18d1", "dbe59173209418ae49d485b87d1681aefa36252ee85884c31346debd19463232"]
wasabi = ["b4fbee9dd0c8f5cff6554c0463c565e2d52b7c844d7eccb477d29a6ff8567750", "f92c83e728bf1db6dc859ffc861afa328d2da8ef0c7a19300e5fb1bd5762b277"]
werkzeug = ["87ae4e5b5366da2347eb3116c0e6c681a0e939a33b2805e2c0cbd282664932c4", "a13b74dd3c45f758d4ebdb224be8f1ab8ef58b3c0ffc1783a8c7d9f4f50227e6"]
xmltodict = ["50d8c638ed7ecb88d90561beedbf720c9b4e851a9fa6c47ebd64e99d166d8a21", "8bbcb45cc982f48b2ca8fe7e7827c5d792f217ecf1792626f808bf41c3b86051"]
zipp = ["4970c3758f4e89a7857a973b1e2a5d75bcdc47794442f2e2dd4fe8e0466e809a", "8a5712cfd3bb4248015eb3b0b3c54a5f6ee3f2425963ef2a0125b8bc40aafaec"]
